
Microsoft Visual Studio Solution File, Format Version 12.00
# Visual Studio 14
VisualStudioVersion = 14.0.25123.0
MinimumVisualStudioVersion = 10.0.40219.1
Project("{FAE04EC0-301F-11D3-BF4B-00C04F79EFBC}") = "Figures", "Figures\Figures.csproj", "{4888BCE1-F85C-4DCF-B737-5BC0A8978136}"
EndProject
Project("{FAE04EC0-301F-11D3-BF4B-00C04F79EFBC}") = "UnitTestFigures", "UnitTestFigures\UnitTestFigures.csproj", "{A7758567-CB8B-4A40-94B3-DF232738D2B6}"
EndProject
Global
	GlobalSection(SolutionConfigurationPlatforms) = preSolution
		Debug|Any CPU = Debug|Any CPU
		Release|Any CPU = Release|Any CPU
	EndGlobalSection
	GlobalSection(ProjectConfigurationPlatforms) = postSolution
		{4888BCE1-F85C-4DCF-B737-5BC0A8978136}.Debug|Any CPU.ActiveCfg = Debug|Any CPU
		{4888BCE1-F85C-4DCF-B737-5BC0A8978136}.Debug|Any CPU.Build.0 = Debug|Any CPU
		{4888BCE1-F85C-4DCF-B737-5BC0A8978136}.Release|Any CPU.ActiveCfg = Release|Any CPU
		{4888BCE1-F85C-4DCF-B737-5BC0A8978136}.Release|Any CPU.Build.0 = Release|Any CPU
		{A7758567-CB8B-4A40-94B3-DF232738D2B6}.Debug|Any CPU.ActiveCfg = Debug|Any CPU
		{A7758567-CB8B-4A40-94B3-DF232738D2B6}.Debug|Any CPU.Build.0 = Debug|Any CPU
		{A7758567-CB8B-4A40-94B3-DF232738D2B6}.Release|Any CPU.ActiveCfg = Release|Any CPU
		{A7758567-CB8B-4A40-94B3-DF232738D2B6}.Release|Any CPU.Build.0 = Release|Any CPU
	EndGlobalSection
	GlobalSection(SolutionProperties) = preSolution
		HideSolutionNode = FALSE
	EndGlobalSection
EndGlobal
